
Microsoft Visual Studio Solution File, Format Version 12.00
# Visual Studio Version 16
VisualStudioVersion = 16.0.31402.337
MinimumVisualStudioVersion = 10.0.40219.1
Project("{9A19103F-16F7-4668-BE54-9A1E7A4F7556}") = "Hotel.API", "Hotel.API\Hotel.API.csproj", "{1FEF0841-2C10-4CBB-96E0-FA8E4D3BE13E}"
EndProject
Project("{9A19103F-16F7-4668-BE54-9A1E7A4F7556}") = "Hotel.DAL", "Hotel.DAL\Hotel.DAL.csproj", "{D8E74B0E-4890-454E-8AA0-03D8632639FE}"
EndProject
Project("{9A19103F-16F7-4668-BE54-9A1E7A4F7556}") = "Hotel.BLL", "Hotel.BLL\Hotel.BLL.csproj", "{671E4CF5-721A-414A-BE45-04F7A3AB3913}"
EndProject
Project("{FAE04EC0-301F-11D3-BF4B-00C04F79EFBC}") = "Hotel.Tests", "Hotel.Tests\Hotel.Tests.csproj", "{C6213B8C-B3CD-466D-A0D8-E556E7AD3413}"
EndProject
Global
	GlobalSection(SolutionConfigurationPlatforms) = preSolution
		Debug|Any CPU = Debug|Any CPU
		Release|Any CPU = Release|Any CPU
	EndGlobalSection
	GlobalSection(ProjectConfigurationPlatforms) = postSolution
		{1FEF0841-2C10-4CBB-96E0-FA8E4D3BE13E}.Debug|Any CPU.ActiveCfg = Debug|Any CPU
		{1FEF0841-2C10-4CBB-96E0-FA8E4D3BE13E}.Debug|Any CPU.Build.0 = Debug|Any CPU
		{1FEF0841-2C10-4CBB-96E0-FA8E4D3BE13E}.Release|Any CPU.ActiveCfg = Release|Any CPU
		{1FEF0841-2C10-4CBB-96E0-FA8E4D3BE13E}.Release|Any CPU.Build.0 = Release|Any CPU
		{D8E74B0E-4890-454E-8AA0-03D8632639FE}.Debug|Any CPU.ActiveCfg = Debug|Any CPU
		{D8E74B0E-4890-454E-8AA0-03D8632639FE}.Debug|Any CPU.Build.0 = Debug|Any CPU
		{D8E74B0E-4890-454E-8AA0-03D8632639FE}.Release|Any CPU.ActiveCfg = Release|Any CPU
		{D8E74B0E-4890-454E-8AA0-03D8632639FE}.Release|Any CPU.Build.0 = Release|Any CPU
		{671E4CF5-721A-414A-BE45-04F7A3AB3913}.Debug|Any CPU.ActiveCfg = Debug|Any CPU
		{671E4CF5-721A-414A-BE45-04F7A3AB3913}.Debug|Any CPU.Build.0 = Debug|Any CPU
		{671E4CF5-721A-414A-BE45-04F7A3AB3913}.Release|Any CPU.ActiveCfg = Release|Any CPU
		{671E4CF5-721A-414A-BE45-04F7A3AB3913}.Release|Any CPU.Build.0 = Release|Any CPU
		{C6213B8C-B3CD-466D-A0D8-E556E7AD3413}.Debug|Any CPU.ActiveCfg = Debug|Any CPU
		{C6213B8C-B3CD-466D-A0D8-E556E7AD3413}.Debug|Any CPU.Build.0 = Debug|Any CPU
		{C6213B8C-B3CD-466D-A0D8-E556E7AD3413}.Release|Any CPU.ActiveCfg = Release|Any CPU
		{C6213B8C-B3CD-466D-A0D8-E556E7AD3413}.Release|Any CPU.Build.0 = Release|Any CPU
	EndGlobalSection
	GlobalSection(SolutionProperties) = preSolution
		HideSolutionNode = FALSE
	EndGlobalSection
	GlobalSection(ExtensibilityGlobals) = postSolution
		SolutionGuid = {05CB0FE1-4A23-40C3-9F1E-68CE44A46C82}
	EndGlobalSection
EndGlobal
